{
  "name": "my-app",
  "version": "0.1.0",
  "lockfileVersion": 1,
  "requires": true,
  "dependencies": {
    "@apollo/client": {
      "version": "3.3.16",
      "resolved": "https://registry.nlark.com/@apollo/client/download/@apollo/client-3.3.16.tgz",
      "integrity": "sha1-5KUbD4ZYOxirgXI2YOOB72FlNsE=",
      "requires": {
        "@graphql-typed-document-node/core": "^3.0.0",
        "@types/zen-observable": "^0.8.0",
        "@wry/context": "^0.6.0",
        "@wry/equality": "^0.4.0",
        "fast-json-stable-stringify": "^2.0.0",
        "graphql-tag": "^2.12.0",
        "hoist-non-react-statics": "^3.3.2",
        "optimism": "^0.15.0",
        "prop-types": "^15.7.2",
        "symbol-observable": "^2.0.0",
        "ts-invariant": "^0.7.0",
        "tslib": "^1.10.0",
        "zen-observable": "^0.8.14"
      }
    },
    "@graphql-typed-document-node/core": {
      "version": "3.1.0",
      "resolved": "https://registry.npm.taobao.org/@graphql-typed-document-node/core/download/@graphql-typed-document-node/core-3.1.0.tgz",
      "integrity": "sha1-Du5jc+EUGL/gtWOPZU33pMpqOVA="
    },
    "@types/zen-observable": {
      "version": "0.8.2",
      "resolved": "https://registry.npm.taobao.org/@types/zen-observable/download/@types/zen-observable-0.8.2.tgz",
      "integrity": "sha1-gIyfp+RRcnTtVV+hWPLeS09GjnE="
    },
    "@wry/context": {
      "version": "0.6.0",
      "resolved": "https://registry.nlark.com/@wry/context/download/@wry/context-0.6.0.tgz",
      "integrity": "sha1-+QPs64nSOO9+gWjtMPRRH5LYPgY=",
      "requires": {
        "tslib": "^2.1.0"
      },
      "dependencies": {
        "tslib": {
          "version": "2.2.0",
          "resolved": "https://registry.npm.taobao.org/tslib/download/tslib-2.2.0.tgz?cache=0&sync_timestamp=1617647442601&other_urls=https%3A%2F%2Fregistry.npm.taobao.org%2Ftslib%2Fdownload%2Ftslib-2.2.0.tgz",
          "integrity": "sha1-+yxHWXfjXiQTEe3iaTzuHsZpj1w="
        }
      }
    },
    "@wry/equality": {
      "version": "0.4.0",
      "resolved": "https://registry.nlark.com/@wry/equality/download/@wry/equality-0.4.0.tgz?cache=0&other_urls=https%3A%2F%2Fregistry.nlark.com%2F%40wry%2Fequality%2Fdownload%2F%40wry%2Fequality-0.4.0.tgz",
      "integrity": "sha1-R0SRhpqNBZD0oz/SpIUKd6D2NAg=",
      "requires": {
        "tslib": "^2.1.0"
      },
      "dependencies": {
        "tslib": {
          "version": "2.2.0",
          "resolved": "https://registry.npm.taobao.org/tslib/download/tslib-2.2.0.tgz?cache=0&sync_timestamp=1617647442601&other_urls=https%3A%2F%2Fregistry.npm.taobao.org%2Ftslib%2Fdownload%2Ftslib-2.2.0.tgz",
          "integrity": "sha1-+yxHWXfjXiQTEe3iaTzuHsZpj1w="
        }
      }
    },
    "@wry/trie": {
      "version": "0.3.0",
      "resolved": "https://registry.npm.taobao.org/@wry/trie/download/@wry/trie-0.3.0.tgz",
      "integrity": "sha1-MkXnSYjE4wMymeR5ob8ARDB1JGM=",
      "requires": {
        "tslib": "^2.1.0"
      },
      "dependencies": {
        "tslib": {
          "version": "2.2.0",
          "resolved": "https://registry.npm.taobao.org/tslib/download/tslib-2.2.0.tgz?cache=0&sync_timestamp=1617647442601&other_urls=https%3A%2F%2Fregistry.npm.taobao.org%2Ftslib%2Fdownload%2Ftslib-2.2.0.tgz",
          "integrity": "sha1-+yxHWXfjXiQTEe3iaTzuHsZpj1w="
        }
      }
    },
    "fast-json-stable-stringify": {
      "version": "2.1.0",
      "resolved": "https://registry.npm.taobao.org/fast-json-stable-stringify/download/fast-json-stable-stringify-2.1.0.tgz",
      "integrity": "sha1-h0v2nG9ATCtdmcSBNBOZ/VWJJjM="
    },
    "graphql": {
      "version": "15.5.0",
      "resolved": "https://registry.npm.taobao.org/graphql/download/graphql-15.5.0.tgz?cache=0&other_urls=https%3A%2F%2Fregistry.npm.taobao.org%2Fgraphql%2Fdownload%2Fgraphql-15.5.0.tgz",
      "integrity": "sha1-OdGUlNvmnR6nGZFbV4v5IDRKadU="
    },
    "graphql-tag": {
      "version": "2.12.4",
      "resolved": "https://registry.nlark.com/graphql-tag/download/graphql-tag-2.12.4.tgz?cache=0&other_urls=https%3A%2F%2Fregistry.nlark.com%2Fgraphql-tag%2Fdownload%2Fgraphql-tag-2.12.4.tgz",
      "integrity": "sha1-00BmaIpPCectb0Zjx0IR6bS3xL8=",
      "requires": {
        "tslib": "^2.1.0"
      },
      "dependencies": {
        "tslib": {
          "version": "2.2.0",
          "resolved": "https://registry.npm.taobao.org/tslib/download/tslib-2.2.0.tgz?cache=0&sync_timestamp=1617647442601&other_urls=https%3A%2F%2Fregistry.npm.taobao.org%2Ftslib%2Fdownload%2Ftslib-2.2.0.tgz",
          "integrity": "sha1-+yxHWXfjXiQTEe3iaTzuHsZpj1w="
        }
      }
    },
    "hoist-non-react-statics": {
      "version": "3.3.2",
      "resolved": "https://registry.npm.taobao.org/hoist-non-react-statics/download/hoist-non-react-statics-3.3.2.tgz",
      "integrity": "sha1-7OCsr3HWLClpwuxZ/v9CpLGoW0U=",
      "requires": {
        "react-is": "^16.7.0"
      }
    },
    "js-tokens": {
      "version": "4.0.0",
      "resolved": "https://registry.nlark.com/js-tokens/download/js-tokens-4.0.0.tgz",
      "integrity": "sha1-GSA/tZmR35jjoocFDUZHzerzJJk="
    },
    "loose-envify": {
      "version": "1.4.0",
      "resolved": "https://registry.npm.taobao.org/loose-envify/download/loose-envify-1.4.0.tgz",
      "integrity": "sha1-ce5R+nvkyuwaY4OffmgtgTLTDK8=",
      "requires": {
        "js-tokens": "^3.0.0 || ^4.0.0"
      }
    },
    "object-assign": {
      "version": "4.1.1",
      "resolved": "https://registry.npm.taobao.org/object-assign/download/object-assign-4.1.1.tgz",
      "integrity": "sha1-IQmtx5ZYh8/AXLvUQsrIv7s2CGM="
    },
    "optimism": {
      "version": "0.15.0",
      "resolved": "https://registry.npm.taobao.org/optimism/download/optimism-0.15.0.tgz",
      "integrity": "sha1-xl5pS+x85Dn0Hpy4/CYacteYEls=",
      "requires": {
        "@wry/context": "^0.6.0",
        "@wry/trie": "^0.3.0"
      }
    },
    "prop-types": {
      "version": "15.7.2",
      "resolved": "https://registry.npm.taobao.org/prop-types/download/prop-types-15.7.2.tgz",
      "integrity": "sha1-UsQedbjIfnK52TYOAga5ncv/psU=",
      "requires": {
        "loose-envify": "^1.4.0",
        "object-assign": "^4.1.1",
        "react-is": "^16.8.1"
      }
    },
    "react-is": {
      "version": "16.13.1",
      "resolved": "https://registry.nlark.com/react-is/download/react-is-16.13.1.tgz?cache=0&sync_timestamp=1620318785197&other_urls=https%3A%2F%2Fregistry.nlark.com%2Freact-is%2Fdownload%2Freact-is-16.13.1.tgz",
      "integrity": "sha1-eJcppNw23imZ3BVt1sHZwYzqVqQ="
    },
    "symbol-observable": {
      "version": "2.0.3",
      "resolved": "https://registry.npm.taobao.org/symbol-observable/download/symbol-observable-2.0.3.tgz?cache=0&sync_timestamp=1618451954701&other_urls=https%3A%2F%2Fregistry.npm.taobao.org%2Fsymbol-observable%2Fdownload%2Fsymbol-observable-2.0.3.tgz",
      "integrity": "sha1-W1IdPQekPDUQVfpDuDVbYtM/0Wo="
    },
    "ts-invariant": {
      "version": "0.7.3",
      "resolved": "https://registry.nlark.com/ts-invariant/download/ts-invariant-0.7.3.tgz?cache=0&other_urls=https%3A%2F%2Fregistry.nlark.com%2Fts-invariant%2Fdownload%2Fts-invariant-0.7.3.tgz",
      "integrity": "sha1-E6riKkoWU5Oq9c7N7kXvQSjTWLg=",
      "requires": {
        "tslib": "^2.1.0"
      },
      "dependencies": {
        "tslib": {
          "version": "2.2.0",
          "resolved": "https://registry.npm.taobao.org/tslib/download/tslib-2.2.0.tgz?cache=0&sync_timestamp=1617647442601&other_urls=https%3A%2F%2Fregistry.npm.taobao.org%2Ftslib%2Fdownload%2Ftslib-2.2.0.tgz",
          "integrity": "sha1-+yxHWXfjXiQTEe3iaTzuHsZpj1w="
        }
      }
    },
    "tslib": {
      "version": "1.14.1",
      "resolved": "https://registry.npm.taobao.org/tslib/download/tslib-1.14.1.tgz?cache=0&sync_timestamp=1617647442601&other_urls=https%3A%2F%2Fregistry.npm.taobao.org%2Ftslib%2Fdownload%2Ftslib-1.14.1.tgz",
      "integrity": "sha1-zy04vcNKE0vK8QkcQfZhni9nLQA="
    },
    "zen-observable": {
      "version": "0.8.15",
      "resolved": "https://registry.npm.taobao.org/zen-observable/download/zen-observable-0.8.15.tgz",
      "integrity": "sha1-lkFcUS2OP/2SCv04iWBOMLnqrBU="
    }
  }
}
